// !$*UTF8*$!
{
	archiveVersion = 1;
	classes = {
	};
	objectVersion = 50;
	objects = {

/* Begin PBXBuildFile section */
		6E4C261F22A82BCC008B8D69 /* MapView.swift in Sources */ = {isa = PBXBuildFile; fileRef = 6E4C261E22A82BCC008B8D69 /* MapView.swift */; };
		6EB0129A22A7997900315A07 /* AppDelegate.swift in Sources */ = {isa = PBXBuildFile; fileRef = 6EB0129922A7997900315A07 /* AppDelegate.swift */; };
		6EB0129C22A7997900315A07 /* SceneDelegate.swift in Sources */ = {isa = PBXBuildFile; fileRef = 6EB0129B22A7997900315A07 /* SceneDelegate.swift */; };
		6EB0129E22A7997900315A07 /* ContentView.swift in Sources */ = {isa = PBXBuildFile; fileRef = 6EB0129D22A7997900315A07 /* ContentView.swift */; };
		6EB012A022A7997B00315A07 /* Assets.xcassets in Resources */ = {isa = PBXBuildFile; fileRef = 6EB0129F22A7997B00315A07 /* Assets.xcassets */; };
		6EB012A322A7997B00315A07 /* Preview Assets.xcassets in Resources */ = {isa = PBXBuildFile; fileRef = 6EB012A222A7997B00315A07 /* Preview Assets.xcassets */; };
		6EB012A622A7997B00315A07 /* LaunchScreen.storyboard in Resources */ = {isa = PBXBuildFile; fileRef = 6EB012A422A7997B00315A07 /* LaunchScreen.storyboard */; };
		6EB012B122A7997C00315A07 /* LandmarksTests.swift in Sources */ = {isa = PBXBuildFile; fileRef = 6EB012B022A7997C00315A07 /* LandmarksTests.swift */; };
		6EB012BC22A7997C00315A07 /* LandmarksUITests.swift in Sources */ = {isa = PBXBuildFile; fileRef = 6EB012BB22A7997C00315A07 /* LandmarksUITests.swift */; };
		6ECEFDD922A7FA230071E9FC /* CircleImage.swift in Sources */ = {isa = PBXBuildFile; fileRef = 6ECEFDD822A7FA230071E9FC /* CircleImage.swift */; };
/* End PBXBuildFile section */

/* Begin PBXContainerItemProxy section */
		6EB012AD22A7997C00315A07 /* PBXContainerItemProxy */ = {
			isa = PBXContainerItemProxy;
			containerPortal = 6EB0128E22A7997900315A07 /* Project object */;
			proxyType = 1;
			remoteGlobalIDString = 6EB0129522A7997900315A07;
			remoteInfo = Landmarks;
		};
		6EB012B822A7997C00315A07 /* PBXContainerItemProxy */ = {
			isa = PBXContainerItemProxy;
			containerPortal = 6EB0128E22A7997900315A07 /* Project object */;
			proxyType = 1;
			remoteGlobalIDString = 6EB0129522A7997900315A07;
			remoteInfo = Landmarks;
		};
/* End PBXContainerItemProxy section */

/* Begin PBXFileReference section */
		6E4C261E22A82BCC008B8D69 /* MapView.swift */ = {isa = PBXFileReference; lastKnownFileType = sourcecode.swift; path = MapView.swift; sourceTree = "<group>"; };
		6EB0129622A7997900315A07 /* Landmarks.app */ = {isa = PBXFileReference; explicitFileType = wrapper.application; includeInIndex = 0; path = Landmarks.app; sourceTree = BUILT_PRODUCTS_DIR; };
		6EB0129922A7997900315A07 /* AppDelegate.swift */ = {isa = PBXFileReference; lastKnownFileType = sourcecode.swift; path = AppDelegate.swift; sourceTree = "<group>"; };
		6EB0129B22A7997900315A07 /* SceneDelegate.swift */ = {isa = PBXFileReference; lastKnownFileType = sourcecode.swift; path = SceneDelegate.swift; sourceTree = "<group>"; };
		6EB0129D22A7997900315A07 /* ContentView.swift */ = {isa = PBXFileReference; lastKnownFileType = sourcecode.swift; path = ContentView.swift; sourceTree = "<group>"; };
		6EB0129F22A7997B00315A07 /* Assets.xcassets */ = {isa = PBXFileReference; lastKnownFileType = folder.assetcatalog; path = Assets.xcassets; sourceTree = "<group>"; };
		6EB012A222A7997B00315A07 /* Preview Assets.xcassets */ = {isa = PBXFileReference; lastKnownFileType = folder.assetcatalog; path = "Preview Assets.xcassets"; sourceTree = "<group>"; };
		6EB012A522A7997B00315A07 /* Base */ = {isa = PBXFileReference; lastKnownFileType = file.storyboard; name = Base; path = Base.lproj/LaunchScreen.storyboard; sourceTree = "<group>"; };
		6EB012A722A7997B00315A07 /* Info.plist */ = {isa = PBXFileReference; lastKnownFileType = text.plist.xml; path = Info.plist; sourceTree = "<group>"; };
		6EB012AC22A7997C00315A07 /* LandmarksTests.xctest */ = {isa = PBXFileReference; explicitFileType = wrapper.cfbundle; includeInIndex = 0; path = LandmarksTests.xctest; sourceTree = BUILT_PRODUCTS_DIR; };
		6EB012B022A7997C00315A07 /* LandmarksTests.swift */ = {isa = PBXFileReference; lastKnownFileType = sourcecode.swift; path = LandmarksTests.swift; sourceTree = "<group>"; };
		6EB012B222A7997C00315A07 /* Info.plist */ = {isa = PBXFileReference; lastKnownFileType = text.plist.xml; path = Info.plist; sourceTree = "<group>"; };
		6EB012B722A7997C00315A07 /* LandmarksUITests.xctest */ = {isa = PBXFileReference; explicitFileType = wrapper.cfbundle; includeInIndex = 0; path = LandmarksUITests.xctest; sourceTree = BUILT_PRODUCTS_DIR; };
		6EB012BB22A7997C00315A07 /* LandmarksUITests.swift */ = {isa = PBXFileReference; lastKnownFileType = sourcecode.swift; path = LandmarksUITests.swift; sourceTree = "<group>"; };
		6EB012BD22A7997C00315A07 /* Info.plist */ = {isa = PBXFileReference; lastKnownFileType = text.plist.xml; path = Info.plist; sourceTree = "<group>"; };
		6ECEFDD822A7FA230071E9FC /* CircleImage.swift */ = {isa = PBXFileReference; lastKnownFileType = sourcecode.swift; path = CircleImage.swift; sourceTree = "<group>"; };
/* End PBXFileReference section */

/* Begin PBXFrameworksBuildPhase section */
		6EB0129322A7997900315A07 /* Frameworks */ = {
			isa = PBXFrameworksBuildPhase;
			buildActionMask = 2147483647;
			files = (
			);
			runOnlyForDeploymentPostprocessing = 0;
		};
		6EB012A922A7997C00315A07 /* Frameworks */ = {
			isa = PBXFrameworksBuildPhase;
			buildActionMask = 2147483647;
			files = (
			);
			runOnlyForDeploymentPostprocessing = 0;
		};
		6EB012B422A7997C00315A07 /* Frameworks */ = {
			isa = PBXFrameworksBuildPhase;
			buildActionMask = 2147483647;
			files = (
			);
			runOnlyForDeploymentPostprocessing = 0;
		};
/* End PBXFrameworksBuildPhase section */

/* Begin PBXGroup section */
		6EB0128D22A7997900315A07 = {
			isa = PBXGroup;
			children = (
				6EB0129822A7997900315A07 /* Landmarks */,
				6EB012AF22A7997C00315A07 /* LandmarksTests */,
				6EB012BA22A7997C00315A07 /* LandmarksUITests */,
				6EB0129722A7997900315A07 /* Products */,
			);
			sourceTree = "<group>";
		};
		6EB0129722A7997900315A07 /* Products */ = {
			isa = PBXGroup;
			children = (
				6EB0129622A7997900315A07 /* Landmarks.app */,
				6EB012AC22A7997C00315A07 /* LandmarksTests.xctest */,
				6EB012B722A7997C00315A07 /* LandmarksUITests.xctest */,
			);
			name = Products;
			sourceTree = "<group>";
		};
		6EB0129822A7997900315A07 /* Landmarks */ = {
			isa = PBXGroup;
			children = (
				6EB0129922A7997900315A07 /* AppDelegate.swift */,
				6EB0129B22A7997900315A07 /* SceneDelegate.swift */,
				6EB0129D22A7997900315A07 /* ContentView.swift */,
				6EB0129F22A7997B00315A07 /* Assets.xcassets */,
				6EB012A422A7997B00315A07 /* LaunchScreen.storyboard */,
				6EB012A722A7997B00315A07 /* Info.plist */,
				6EB012A122A7997B00315A07 /* Preview Content */,
				6ECEFDD822A7FA230071E9FC /* CircleImage.swift */,
				6E4C261E22A82BCC008B8D69 /* MapView.swift */,
			);
			path = Landmarks;
			sourceTree = "<group>";
		};
		6EB012A122A7997B00315A07 /* Preview Content */ = {
			isa = PBXGroup;
			children = (
				6EB012A222A7997B00315A07 /* Preview Assets.xcassets */,
			);
			path = "Preview Content";
			sourceTree = "<group>";
		};
		6EB012AF22A7997C00315A07 /* LandmarksTests */ = {
			isa = PBXGroup;
			children = (
				6EB012B022A7997C00315A07 /* LandmarksTests.swift */,
				6EB012B222A7997C00315A07 /* Info.plist */,
			);
			path = LandmarksTests;
			sourceTree = "<group>";
		};
		6EB012BA22A7997C00315A07 /* LandmarksUITests */ = {
			isa = PBXGroup;
			children = (
				6EB012BB22A7997C00315A07 /* LandmarksUITests.swift */,
				6EB012BD22A7997C00315A07 /* Info.plist */,
			);
			path = LandmarksUITests;
			sourceTree = "<group>";
		};
/* End PBXGroup section */

/* Begin PBXNativeTarget section */
		6EB0129522A7997900315A07 /* Landmarks */ = {
			isa = PBXNativeTarget;
			buildConfigurationList = 6EB012C022A7997C00315A07 /* Build configuration list for PBXNativeTarget "Landmarks" */;
			buildPhases = (
				6EB0129222A7997900315A07 /* Sources */,
				6EB0129322A7997900315A07 /* Frameworks */,
				6EB0129422A7997900315A07 /* Resources */,
			);
			buildRules = (
			);
			dependencies = (
			);
			name = Landmarks;
			productName = Landmarks;
			productReference = 6EB0129622A7997900315A07 /* Landmarks.app */;
			productType = "com.apple.product-type.application";
		};
		6EB012AB22A7997C00315A07 /* LandmarksTests */ = {
			isa = PBXNativeTarget;
			buildConfigurationList = 6EB012C322A7997C00315A07 /* Build configuration list for PBXNativeTarget "LandmarksTests" */;
			buildPhases = (
				6EB012A822A7997C00315A07 /* Sources */,
				6EB012A922A7997C00315A07 /* Frameworks */,
				6EB012AA22A7997C00315A07 /* Resources */,
			);
			buildRules = (
			);
			dependencies = (
				6EB012AE22A7997C00315A07 /* PBXTargetDependency */,
			);
			name = LandmarksTests;
			productName = LandmarksTests;
			productReference = 6EB012AC22A7997C00315A07 /* LandmarksTests.xctest */;
			productType = "com.apple.product-type.bundle.unit-test";
		};
		6EB012B622A7997C00315A07 /* LandmarksUITests */ = {
			isa = PBXNativeTarget;
			buildConfigurationList = 6EB012C622A7997C00315A07 /* Build configuration list for PBXNativeTarget "LandmarksUITests" */;
			buildPhases = (
				6EB012B322A7997C00315A07 /* Sources */,
				6EB012B422A7997C00315A07 /* Frameworks */,
				6EB012B522A7997C00315A07 /* Resources */,
			);
			buildRules = (
			);
			dependencies = (
				6EB012B922A7997C00315A07 /* PBXTargetDependency */,
			);
			name = LandmarksUITests;
			productName = LandmarksUITests;
			productReference = 6EB012B722A7997C00315A07 /* LandmarksUITests.xctest */;
			productType = "com.apple.product-type.bundle.ui-testing";
		};
/* End PBXNativeTarget section */

/* Begin PBXProject section */
		6EB0128E22A7997900315A07 /* Project object */ = {
			isa = PBXProject;
			attributes = {
				LastSwiftUpdateCheck = 1100;
				LastUpgradeCheck = 1100;
				ORGANIZATIONNAME = "Akifumi Fukaya";
				TargetAttributes = {
					6EB0129522A7997900315A07 = {
						CreatedOnToolsVersion = 11.0;
					};
					6EB012AB22A7997C00315A07 = {
						CreatedOnToolsVersion = 11.0;
						TestTargetID = 6EB0129522A7997900315A07;
					};
					6EB012B622A7997C00315A07 = {
						CreatedOnToolsVersion = 11.0;
						TestTargetID = 6EB0129522A7997900315A07;
					};
				};
			};
			buildConfigurationList = 6EB0129122A7997900315A07 /* Build configuration list for PBXProject "Landmarks" */;
			compatibilityVersion = "Xcode 9.3";
			developmentRegion = en;
			hasScannedForEncodings = 0;
			knownRegions = (
				en,
				Base,
			);
			mainGroup = 6EB0128D22A7997900315A07;
			productRefGroup = 6EB0129722A7997900315A07 /* Products */;
			projectDirPath = "";
			projectRoot = "";
			targets = (
				6EB0129522A7997900315A07 /* Landmarks */,
				6EB012AB22A7997C00315A07 /* LandmarksTests */,
				6EB012B622A7997C00315A07 /* LandmarksUITests */,
			);
		};
/* End PBXProject section */

/* Begin PBXResourcesBuildPhase section */
		6EB0129422A7997900315A07 /* Resources */ = {
			isa = PBXResourcesBuildPhase;
			buildActionMask = 2147483647;
			files = (
				6EB012A622A7997B00315A07 /* LaunchScreen.storyboard in Resources */,
				6EB012A322A7997B00315A07 /* Preview Assets.xcassets in Resources */,
				6EB012A022A7997B00315A07 /* Assets.xcassets in Resources */,
			);
			runOnlyForDeploymentPostprocessing = 0;
		};
		6EB012AA22A7997C00315A07 /* Resources */ = {
			isa = PBXResourcesBuildPhase;
			buildActionMask = 2147483647;
			files = (
			);
			runOnlyForDeploymentPostprocessing = 0;
		};
		6EB012B522A7997C00315A07 /* Resources */ = {
			isa = PBXResourcesBuildPhase;
			buildActionMask = 2147483647;
			files = (
			);
			runOnlyForDeploymentPostprocessing = 0;
		};
/* End PBXResourcesBuildPhase section */

/* Begin PBXSourcesBuildPhase section */
		6EB0129222A7997900315A07 /* Sources */ = {
			isa = PBXSourcesBuildPhase;
			buildActionMask = 2147483647;
			files = (
				6EB0129A22A7997900315A07 /* AppDelegate.swift in Sources */,
				6ECEFDD922A7FA230071E9FC /* CircleImage.swift in Sources */,
				6E4C261F22A82BCC008B8D69 /* MapView.swift in Sources */,
				6EB0129C22A7997900315A07 /* SceneDelegate.swift in Sources */,
				6EB0129E22A7997900315A07 /* ContentView.swift in Sources */,
			);
			runOnlyForDeploymentPostprocessing = 0;
		};
		6EB012A822A7997C00315A07 /* Sources */ = {
			isa = PBXSourcesBuildPhase;
			buildActionMask = 2147483647;
			files = (
				6EB012B122A7997C00315A07 /* LandmarksTests.swift in Sources */,
			);
			runOnlyForDeploymentPostprocessing = 0;
		};
		6EB012B322A7997C00315A07 /* Sources */ = {
			isa = PBXSourcesBuildPhase;
			buildActionMask = 2147483647;
			files = (
				6EB012BC22A7997C00315A07 /* LandmarksUITests.swift in Sources */,
			);
			runOnlyForDeploymentPostprocessing = 0;
		};
/* End PBXSourcesBuildPhase section */

/* Begin PBXTargetDependency section */
		6EB012AE22A7997C00315A07 /* PBXTargetDependency */ = {
			isa = PBXTargetDependency;
			target = 6EB0129522A7997900315A07 /* Landmarks */;
			targetProxy = 6EB012AD22A7997C00315A07 /* PBXContainerItemProxy */;
		};
		6EB012B922A7997C00315A07 /* PBXTargetDependency */ = {
			isa = PBXTargetDependency;
			target = 6EB0129522A7997900315A07 /* Landmarks */;
			targetProxy = 6EB012B822A7997C00315A07 /* PBXContainerItemProxy */;
		};
/* End PBXTargetDependency section */

/* Begin PBXVariantGroup section */
		6EB012A422A7997B00315A07 /* LaunchScreen.storyboard */ = {
			isa = PBXVariantGroup;
			children = (
				6EB012A522A7997B00315A07 /* Base */,
			);
			name = LaunchScreen.storyboard;
			sourceTree = "<group>";
		};
/* End PBXVariantGroup section */

/* Begin XCBuildConfiguration section */
		6EB012BE22A7997C00315A07 /* Debug */ = {
			isa = XCBuildConfiguration;
			buildSettings = {
				ALWAYS_SEARCH_USER_PATHS = NO;
				CLANG_ANALYZER_NONNULL = YES;
				CLANG_ANALYZER_NUMBER_OBJECT_CONVERSION = YES_AGGRESSIVE;
				CLANG_CXX_LANGUAGE_STANDARD = "gnu++14";
				CLANG_CXX_LIBRARY = "libc++";
				CLANG_ENABLE_MODULES = YES;
				CLANG_ENABLE_OBJC_ARC = YES;
				CLANG_ENABLE_OBJC_WEAK = YES;
				CLANG_WARN_BLOCK_CAPTURE_AUTORELEASING = YES;
				CLANG_WARN_BOOL_CONVERSION = YES;
				CLANG_WARN_COMMA = YES;
				CLANG_WARN_CONSTANT_CONVERSION = YES;
				CLANG_WARN_DEPRECATED_OBJC_IMPLEMENTATIONS = YES;
				CLANG_WARN_DIRECT_OBJC_ISA_USAGE = YES_ERROR;
				CLANG_WARN_DOCUMENTATION_COMMENTS = YES;
				CLANG_WARN_EMPTY_BODY = YES;
				CLANG_WARN_ENUM_CONVERSION = YES;
				CLANG_WARN_INFINITE_RECURSION = YES;
				CLANG_WARN_INT_CONVERSION = YES;
				CLANG_WARN_NON_LITERAL_NULL_CONVERSION = YES;
				CLANG_WARN_OBJC_IMPLICIT_RETAIN_SELF = YES;
				CLANG_WARN_OBJC_LITERAL_CONVERSION = YES;
				CLANG_WARN_OBJC_ROOT_CLASS = YES_ERROR;
				CLANG_WARN_RANGE_LOOP_ANALYSIS = YES;
				CLANG_WARN_STRICT_PROTOTYPES = YES;
				CLANG_WARN_SUSPICIOUS_MOVE = YES;
				CLANG_WARN_UNGUARDED_AVAILABILITY = YES_AGGRESSIVE;
				CLANG_WARN_UNREACHABLE_CODE = YES;
				CLANG_WARN__DUPLICATE_METHOD_MATCH = YES;
				COPY_PHASE_STRIP = NO;
				DEBUG_INFORMATION_FORMAT = dwarf;
				ENABLE_STRICT_OBJC_MSGSEND = YES;
				ENABLE_TESTABILITY = YES;
				GCC_C_LANGUAGE_STANDARD = gnu11;
				GCC_DYNAMIC_NO_PIC = NO;
				GCC_NO_COMMON_BLOCKS = YES;
				GCC_OPTIMIZATION_LEVEL = 0;
				GCC_PREPROCESSOR_DEFINITIONS = (
					"DEBUG=1",
					"$(inherited)",
				);
				GCC_WARN_64_TO_32_BIT_CONVERSION = YES;
				GCC_WARN_ABOUT_RETURN_TYPE = YES_ERROR;
				GCC_WARN_UNDECLARED_SELECTOR = YES;
				GCC_WARN_UNINITIALIZED_AUTOS = YES_AGGRESSIVE;
				GCC_WARN_UNUSED_FUNCTION = YES;
				GCC_WARN_UNUSED_VARIABLE = YES;
				IPHONEOS_DEPLOYMENT_TARGET = 13.0;
				MTL_ENABLE_DEBUG_INFO = INCLUDE_SOURCE;
				MTL_FAST_MATH = YES;
				ONLY_ACTIVE_ARCH = YES;
				SDKROOT = iphoneos;
				SWIFT_ACTIVE_COMPILATION_CONDITIONS = DEBUG;
				SWIFT_OPTIMIZATION_LEVEL = "-Onone";
			};
			name = Debug;
		};
		6EB012BF22A7997C00315A07 /* Release */ = {
			isa = XCBuildConfiguration;
			buildSettings = {
				ALWAYS_SEARCH_USER_PATHS = NO;
				CLANG_ANALYZER_NONNULL = YES;
				CLANG_ANALYZER_NUMBER_OBJECT_CONVERSION = YES_AGGRESSIVE;
				CLANG_CXX_LANGUAGE_STANDARD = "gnu++14";
				CLANG_CXX_LIBRARY = "libc++";
				CLANG_ENABLE_MODULES = YES;
				CLANG_ENABLE_OBJC_ARC = YES;
				CLANG_ENABLE_OBJC_WEAK = YES;
				CLANG_WARN_BLOCK_CAPTURE_AUTORELEASING = YES;
				CLANG_WARN_BOOL_CONVERSION = YES;
				CLANG_WARN_COMMA = YES;
				CLANG_WARN_CONSTANT_CONVERSION = YES;
				CLANG_WARN_DEPRECATED_OBJC_IMPLEMENTATIONS = YES;
				CLANG_WARN_DIRECT_OBJC_ISA_USAGE = YES_ERROR;
				CLANG_WARN_DOCUMENTATION_COMMENTS = YES;
				CLANG_WARN_EMPTY_BODY = YES;
				CLANG_WARN_ENUM_CONVERSION = YES;
				CLANG_WARN_INFINITE_RECURSION = YES;
				CLANG_WARN_INT_CONVERSION = YES;
				CLANG_WARN_NON_LITERAL_NULL_CONVERSION = YES;
				CLANG_WARN_OBJC_IMPLICIT_RETAIN_SELF = YES;
				CLANG_WARN_OBJC_LITERAL_CONVERSION = YES;
				CLANG_WARN_OBJC_ROOT_CLASS = YES_ERROR;
				CLANG_WARN_RANGE_LOOP_ANALYSIS = YES;
				CLANG_WARN_STRICT_PROTOTYPES = YES;
				CLANG_WARN_SUSPICIOUS_MOVE = YES;
				CLANG_WARN_UNGUARDED_AVAILABILITY = YES_AGGRESSIVE;
				CLANG_WARN_UNREACHABLE_CODE = YES;
				CLANG_WARN__DUPLICATE_METHOD_MATCH = YES;
				COPY_PHASE_STRIP = NO;
				DEBUG_INFORMATION_FORMAT = "dwarf-with-dsym";
				ENABLE_NS_ASSERTIONS = NO;
				ENABLE_STRICT_OBJC_MSGSEND = YES;
				GCC_C_LANGUAGE_STANDARD = gnu11;
				GCC_NO_COMMON_BLOCKS = YES;
				GCC_WARN_64_TO_32_BIT_CONVERSION = YES;
				GCC_WARN_ABOUT_RETURN_TYPE = YES_ERROR;
				GCC_WARN_UNDECLARED_SELECTOR = YES;
				GCC_WARN_UNINITIALIZED_AUTOS = YES_AGGRESSIVE;
				GCC_WARN_UNUSED_FUNCTION = YES;
				GCC_WARN_UNUSED_VARIABLE = YES;
				IPHONEOS_DEPLOYMENT_TARGET = 13.0;
				MTL_ENABLE_DEBUG_INFO = NO;
				MTL_FAST_MATH = YES;
				SDKROOT = iphoneos;
				SWIFT_COMPILATION_MODE = wholemodule;
				SWIFT_OPTIMIZATION_LEVEL = "-O";
				VALIDATE_PRODUCT = YES;
			};
			name = Release;
		};
		6EB012C122A7997C00315A07 /* Debug */ = {
			isa = XCBuildConfiguration;
			buildSettings = {
				ASSETCATALOG_COMPILER_APPICON_NAME = AppIcon;
				CODE_SIGN_STYLE = Automatic;
				DEVELOPMENT_ASSET_PATHS = "Landmarks/Preview\\ Content";
				DEVELOPMENT_TEAM = 3JS5D26M66;
				ENABLE_PREVIEWS = YES;
				INFOPLIST_FILE = Landmarks/Info.plist;
				LD_RUNPATH_SEARCH_PATHS = (
					"$(inherited)",
					"@executable_path/Frameworks",
				);
				PRODUCT_BUNDLE_IDENTIFIER = net.akifumifukaya.Landmarks;
				PRODUCT_NAME = "$(TARGET_NAME)";
				SWIFT_VERSION = 5.0;
				TARGETED_DEVICE_FAMILY = "1,2";
			};
			name = Debug;
		};
		6EB012C222A7997C00315A07 /* Release */ = {
			isa = XCBuildConfiguration;
			buildSettings = {
				ASSETCATALOG_COMPILER_APPICON_NAME = AppIcon;
				CODE_SIGN_STYLE = Automatic;
				DEVELOPMENT_ASSET_PATHS = "Landmarks/Preview\\ Content";
				DEVELOPMENT_TEAM = 3JS5D26M66;
				ENABLE_PREVIEWS = YES;
				INFOPLIST_FILE = Landmarks/Info.plist;
				LD_RUNPATH_SEARCH_PATHS = (
					"$(inherited)",
					"@executable_path/Frameworks",
				);
				PRODUCT_BUNDLE_IDENTIFIER = net.akifumifukaya.Landmarks;
				PRODUCT_NAME = "$(TARGET_NAME)";
				SWIFT_VERSION = 5.0;
				TARGETED_DEVICE_FAMILY = "1,2";
			};
			name = Release;
		};
		6EB012C422A7997C00315A07 /* Debug */ = {
			isa = XCBuildConfiguration;
			buildSettings = {
				ALWAYS_EMBED_SWIFT_STANDARD_LIBRARIES = YES;
				BUNDLE_LOADER = "$(TEST_HOST)";
				CODE_SIGN_STYLE = Automatic;
				DEVELOPMENT_TEAM = 3JS5D26M66;
				INFOPLIST_FILE = LandmarksTests/Info.plist;
				LD_RUNPATH_SEARCH_PATHS = (
					"$(inherited)",
					"@executable_path/Frameworks",
					"@loader_path/Frameworks",
				);
				PRODUCT_BUNDLE_IDENTIFIER = net.akifumifukaya.LandmarksTests;
				PRODUCT_NAME = "$(TARGET_NAME)";
				SWIFT_VERSION = 5.0;
				TARGETED_DEVICE_FAMILY = "1,2";
				TEST_HOST = "$(BUILT_PRODUCTS_DIR)/Landmarks.app/Landmarks";
			};
			name = Debug;
		};
		6EB012C522A7997C00315A07 /* Release */ = {
			isa = XCBuildConfiguration;
			buildSettings = {
				ALWAYS_EMBED_SWIFT_STANDARD_LIBRARIES = YES;
				BUNDLE_LOADER = "$(TEST_HOST)";
				CODE_SIGN_STYLE = Automatic;
				DEVELOPMENT_TEAM = 3JS5D26M66;
				INFOPLIST_FILE = LandmarksTests/Info.plist;
				LD_RUNPATH_SEARCH_PATHS = (
					"$(inherited)",
					"@executable_path/Frameworks",
					"@loader_path/Frameworks",
				);
				PRODUCT_BUNDLE_IDENTIFIER = net.akifumifukaya.LandmarksTests;
				PRODUCT_NAME = "$(TARGET_NAME)";
				SWIFT_VERSION = 5.0;
				TARGETED_DEVICE_FAMILY = "1,2";
				TEST_HOST = "$(BUILT_PRODUCTS_DIR)/Landmarks.app/Landmarks";
			};
			name = Release;
		};
		6EB012C722A7997C00315A07 /* Debug */ = {
			isa = XCBuildConfiguration;
			buildSettings = {
				ALWAYS_EMBED_SWIFT_STANDARD_LIBRARIES = YES;
				CODE_SIGN_STYLE = Automatic;
				DEVELOPMENT_TEAM = 3JS5D26M66;
				INFOPLIST_FILE = LandmarksUITests/Info.plist;
				LD_RUNPATH_SEARCH_PATHS = (
					"$(inherited)",
					"@executable_path/Frameworks",
					"@loader_path/Frameworks",
				);
				PRODUCT_BUNDLE_IDENTIFIER = net.akifumifukaya.LandmarksUITests;
				PRODUCT_NAME = "$(TARGET_NAME)";
				SWIFT_VERSION = 5.0;
				TARGETED_DEVICE_FAMILY = "1,2";
				TEST_TARGET_NAME = Landmarks;
			};
			name = Debug;
		};
		6EB012C822A7997C00315A07 /* Release */ = {
			isa = XCBuildConfiguration;
			buildSettings = {
				ALWAYS_EMBED_SWIFT_STANDARD_LIBRARIES = YES;
				CODE_SIGN_STYLE = Automatic;
				DEVELOPMENT_TEAM = 3JS5D26M66;
				INFOPLIST_FILE = LandmarksUITests/Info.plist;
				LD_RUNPATH_SEARCH_PATHS = (
					"$(inherited)",
					"@executable_path/Frameworks",
					"@loader_path/Frameworks",
				);
				PRODUCT_BUNDLE_IDENTIFIER = net.akifumifukaya.LandmarksUITests;
				PRODUCT_NAME = "$(TARGET_NAME)";
				SWIFT_VERSION = 5.0;
				TARGETED_DEVICE_FAMILY = "1,2";
				TEST_TARGET_NAME = Landmarks;
			};
			name = Release;
		};
/* End XCBuildConfiguration section */

/* Begin XCConfigurationList section */
		6EB0129122A7997900315A07 /* Build configuration list for PBXProject "Landmarks" */ = {
			isa = XCConfigurationList;
			buildConfigurations = (
				6EB012BE22A7997C00315A07 /* Debug */,
				6EB012BF22A7997C00315A07 /* Release */,
			);
			defaultConfigurationIsVisible = 0;
			defaultConfigurationName = Release;
		};
		6EB012C022A7997C00315A07 /* Build configuration list for PBXNativeTarget "Landmarks" */ = {
			isa = XCConfigurationList;
			buildConfigurations = (
				6EB012C122A7997C00315A07 /* Debug */,
				6EB012C222A7997C00315A07 /* Release */,
			);
			defaultConfigurationIsVisible = 0;
			defaultConfigurationName = Release;
		};
		6EB012C322A7997C00315A07 /* Build configuration list for PBXNativeTarget "LandmarksTests" */ = {
			isa = XCConfigurationList;
			buildConfigurations = (
				6EB012C422A7997C00315A07 /* Debug */,
				6EB012C522A7997C00315A07 /* Release */,
			);
			defaultConfigurationIsVisible = 0;
			defaultConfigurationName = Release;
		};
		6EB012C622A7997C00315A07 /* Build configuration list for PBXNativeTarget "LandmarksUITests" */ = {
			isa = XCConfigurationList;
			buildConfigurations = (
				6EB012C722A7997C00315A07 /* Debug */,
				6EB012C822A7997C00315A07 /* Release */,
			);
			defaultConfigurationIsVisible = 0;
			defaultConfigurationName = Release;
		};
/* End XCConfigurationList section */
	};
	rootObject = 6EB0128E22A7997900315A07 /* Project object */;
}
